// !$*UTF8*$!
{
	archiveVersion = 1;
	classes = {
	};
	objectVersion = 56;
	objects = {

/* Begin PBXBuildFile section */
		90011F302C19DDCE007D072B /* DeviceView.swift in Sources */ = {isa = PBXBuildFile; fileRef = 90011F2F2C19DDCE007D072B /* DeviceView.swift */; };
		9001BBEF2C1DBCF200E2CBD1 /* AESCipher.swift in Sources */ = {isa = PBXBuildFile; fileRef = 9001BBEE2C1DBCF200E2CBD1 /* AESCipher.swift */; };
		9001BBF12C1DBDCB00E2CBD1 /* PointerDecoder.swift in Sources */ = {isa = PBXBuildFile; fileRef = 9001BBF02C1DBDCB00E2CBD1 /* PointerDecoder.swift */; };
		9001BBF32C1DC30600E2CBD1 /* DataHandler.swift in Sources */ = {isa = PBXBuildFile; fileRef = 9001BBF22C1DC30600E2CBD1 /* DataHandler.swift */; };
		901F59282C05CF3600CCD859 /* BluetoothApp.swift in Sources */ = {isa = PBXBuildFile; fileRef = 901F59272C05CF3600CCD859 /* BluetoothApp.swift */; };
		901F592A2C05CF3600CCD859 /* ContentView.swift in Sources */ = {isa = PBXBuildFile; fileRef = 901F59292C05CF3600CCD859 /* ContentView.swift */; };
		901F592C2C05CF3600CCD859 /* Assets.xcassets in Resources */ = {isa = PBXBuildFile; fileRef = 901F592B2C05CF3600CCD859 /* Assets.xcassets */; };
		901F592F2C05CF3600CCD859 /* Preview Assets.xcassets in Resources */ = {isa = PBXBuildFile; fileRef = 901F592E2C05CF3600CCD859 /* Preview Assets.xcassets */; };
		9036BA7E2C197CE8007230E8 /* DeviceGroupView.swift in Sources */ = {isa = PBXBuildFile; fileRef = 9036BA7D2C197CE8007230E8 /* DeviceGroupView.swift */; };
		90492FCC2C143D2C00DB074C /* FavoritesView.swift in Sources */ = {isa = PBXBuildFile; fileRef = 90492FCB2C143D2C00DB074C /* FavoritesView.swift */; };
		90492FCE2C143ED800DB074C /* ColorSelecterView.swift in Sources */ = {isa = PBXBuildFile; fileRef = 90492FCD2C143ED800DB074C /* ColorSelecterView.swift */; };
		90492FD02C14409700DB074C /* ColorUtil.swift in Sources */ = {isa = PBXBuildFile; fileRef = 90492FCF2C14409700DB074C /* ColorUtil.swift */; };
		9061DAD82C1B2AF80032F735 /* WriteDataUtil.swift in Sources */ = {isa = PBXBuildFile; fileRef = 9061DAD72C1B2AF80032F735 /* WriteDataUtil.swift */; };
		9068F9B52C1ACA0800646F00 /* DatabaseManager.swift in Sources */ = {isa = PBXBuildFile; fileRef = 9068F9B42C1ACA0800646F00 /* DatabaseManager.swift */; };
		9075576D2C193F0400533D3C /* LightDataService.swift in Sources */ = {isa = PBXBuildFile; fileRef = 9075576C2C193F0400533D3C /* LightDataService.swift */; };
		90999DD62C11FA6800644AFC /* BLEManager.swift in Sources */ = {isa = PBXBuildFile; fileRef = 90999DD52C11FA6800644AFC /* BLEManager.swift */; };
		90BF1DB42C1896D00097BA82 /* ColorSlidersView.swift in Sources */ = {isa = PBXBuildFile; fileRef = 90BF1DB32C1896D00097BA82 /* ColorSlidersView.swift */; };
		90BF1DB62C1897BA0097BA82 /* ColorGridView.swift in Sources */ = {isa = PBXBuildFile; fileRef = 90BF1DB52C1897BA0097BA82 /* ColorGridView.swift */; };
/* End PBXBuildFile section */

/* Begin PBXCopyFilesBuildPhase section */
		9044E6A02C12A3D200AAFD68 /* Embed Frameworks */ = {
			isa = PBXCopyFilesBuildPhase;
			buildActionMask = 2147483647;
			dstPath = "";
			dstSubfolderSpec = 10;
			files = (
			);
			name = "Embed Frameworks";
			runOnlyForDeploymentPostprocessing = 0;
		};
/* End PBXCopyFilesBuildPhase section */

/* Begin PBXFileReference section */
		90011F2F2C19DDCE007D072B /* DeviceView.swift */ = {isa = PBXFileReference; lastKnownFileType = sourcecode.swift; path = DeviceView.swift; sourceTree = "<group>"; };
		9001BBEE2C1DBCF200E2CBD1 /* AESCipher.swift */ = {isa = PBXFileReference; lastKnownFileType = sourcecode.swift; path = AESCipher.swift; sourceTree = "<group>"; };
		9001BBF02C1DBDCB00E2CBD1 /* PointerDecoder.swift */ = {isa = PBXFileReference; lastKnownFileType = sourcecode.swift; path = PointerDecoder.swift; sourceTree = "<group>"; };
		9001BBF22C1DC30600E2CBD1 /* DataHandler.swift */ = {isa = PBXFileReference; lastKnownFileType = sourcecode.swift; path = DataHandler.swift; sourceTree = "<group>"; };
		901F59242C05CF3600CCD859 /* bluetooth.app */ = {isa = PBXFileReference; explicitFileType = wrapper.application; includeInIndex = 0; path = bluetooth.app; sourceTree = BUILT_PRODUCTS_DIR; };
		901F59272C05CF3600CCD859 /* BluetoothApp.swift */ = {isa = PBXFileReference; lastKnownFileType = sourcecode.swift; path = BluetoothApp.swift; sourceTree = "<group>"; };
		901F59292C05CF3600CCD859 /* ContentView.swift */ = {isa = PBXFileReference; lastKnownFileType = sourcecode.swift; path = ContentView.swift; sourceTree = "<group>"; };
		901F592B2C05CF3600CCD859 /* Assets.xcassets */ = {isa = PBXFileReference; lastKnownFileType = folder.assetcatalog; path = Assets.xcassets; sourceTree = "<group>"; };
		901F592E2C05CF3600CCD859 /* Preview Assets.xcassets */ = {isa = PBXFileReference; lastKnownFileType = folder.assetcatalog; path = "Preview Assets.xcassets"; sourceTree = "<group>"; };
		9036BA7D2C197CE8007230E8 /* DeviceGroupView.swift */ = {isa = PBXFileReference; lastKnownFileType = sourcecode.swift; path = DeviceGroupView.swift; sourceTree = "<group>"; };
		90492FCB2C143D2C00DB074C /* FavoritesView.swift */ = {isa = PBXFileReference; lastKnownFileType = sourcecode.swift; path = FavoritesView.swift; sourceTree = "<group>"; };
		90492FCD2C143ED800DB074C /* ColorSelecterView.swift */ = {isa = PBXFileReference; lastKnownFileType = sourcecode.swift; path = ColorSelecterView.swift; sourceTree = "<group>"; };
		90492FCF2C14409700DB074C /* ColorUtil.swift */ = {isa = PBXFileReference; lastKnownFileType = sourcecode.swift; path = ColorUtil.swift; sourceTree = "<group>"; };
		9061DAD72C1B2AF80032F735 /* WriteDataUtil.swift */ = {isa = PBXFileReference; lastKnownFileType = sourcecode.swift; path = WriteDataUtil.swift; sourceTree = "<group>"; };
		9068F9B42C1ACA0800646F00 /* DatabaseManager.swift */ = {isa = PBXFileReference; lastKnownFileType = sourcecode.swift; path = DatabaseManager.swift; sourceTree = "<group>"; };
		9075576C2C193F0400533D3C /* LightDataService.swift */ = {isa = PBXFileReference; lastKnownFileType = sourcecode.swift; path = LightDataService.swift; sourceTree = "<group>"; };
		90999DD52C11FA6800644AFC /* BLEManager.swift */ = {isa = PBXFileReference; lastKnownFileType = sourcecode.swift; path = BLEManager.swift; sourceTree = "<group>"; };
		90999DD72C12000E00644AFC /* bluetooth.entitlements */ = {isa = PBXFileReference; lastKnownFileType = text.plist.entitlements; path = bluetooth.entitlements; sourceTree = "<group>"; };
		90BF1DB32C1896D00097BA82 /* ColorSlidersView.swift */ = {isa = PBXFileReference; lastKnownFileType = sourcecode.swift; path = ColorSlidersView.swift; sourceTree = "<group>"; };
		90BF1DB52C1897BA0097BA82 /* ColorGridView.swift */ = {isa = PBXFileReference; lastKnownFileType = sourcecode.swift; path = ColorGridView.swift; sourceTree = "<group>"; };
		90DE94A82C104AB4007D2C0D /* Info.plist */ = {isa = PBXFileReference; lastKnownFileType = text.plist; path = Info.plist; sourceTree = "<group>"; };
/* End PBXFileReference section */

/* Begin PBXFrameworksBuildPhase section */
		901F59212C05CF3600CCD859 /* Frameworks */ = {
			isa = PBXFrameworksBuildPhase;
			buildActionMask = 2147483647;
			files = (
			);
			runOnlyForDeploymentPostprocessing = 0;
		};
/* End PBXFrameworksBuildPhase section */

/* Begin PBXGroup section */
		90011F312C19ECA7007D072B /* utils */ = {
			isa = PBXGroup;
			children = (
				9075576C2C193F0400533D3C /* LightDataService.swift */,
				90492FCF2C14409700DB074C /* ColorUtil.swift */,
				9061DAD72C1B2AF80032F735 /* WriteDataUtil.swift */,
				9001BBEE2C1DBCF200E2CBD1 /* AESCipher.swift */,
				9001BBF02C1DBDCB00E2CBD1 /* PointerDecoder.swift */,
				9001BBF22C1DC30600E2CBD1 /* DataHandler.swift */,
			);
			path = utils;
			sourceTree = "<group>";
		};
		90011F322C19ECE1007D072B /* view */ = {
			isa = PBXGroup;
			children = (
				90011F332C19ED01007D072B /* favorites */,
				901F59292C05CF3600CCD859 /* ContentView.swift */,
				90011F2F2C19DDCE007D072B /* DeviceView.swift */,
				9036BA7D2C197CE8007230E8 /* DeviceGroupView.swift */,
			);
			path = view;
			sourceTree = "<group>";
		};
		90011F332C19ED01007D072B /* favorites */ = {
			isa = PBXGroup;
			children = (
				90492FCB2C143D2C00DB074C /* FavoritesView.swift */,
				90492FCD2C143ED800DB074C /* ColorSelecterView.swift */,
				90BF1DB32C1896D00097BA82 /* ColorSlidersView.swift */,
				90BF1DB52C1897BA0097BA82 /* ColorGridView.swift */,
			);
			path = favorites;
			sourceTree = "<group>";
		};
		90011F342C19ED7A007D072B /* manager */ = {
			isa = PBXGroup;
			children = (
				90999DD52C11FA6800644AFC /* BLEManager.swift */,
				9068F9B42C1ACA0800646F00 /* DatabaseManager.swift */,
			);
			path = manager;
			sourceTree = "<group>";
		};
		901F591B2C05CF3600CCD859 = {
			isa = PBXGroup;
			children = (
				901F59262C05CF3600CCD859 /* bluetooth */,
				901F59252C05CF3600CCD859 /* Products */,
				90DE94A52C104A08007D2C0D /* Frameworks */,
			);
			sourceTree = "<group>";
		};
		901F59252C05CF3600CCD859 /* Products */ = {
			isa = PBXGroup;
			children = (
				901F59242C05CF3600CCD859 /* bluetooth.app */,
			);
			name = Products;
			sourceTree = "<group>";
		};
		901F59262C05CF3600CCD859 /* bluetooth */ = {
			isa = PBXGroup;
			children = (
				90011F342C19ED7A007D072B /* manager */,
				90011F322C19ECE1007D072B /* view */,
				90011F312C19ECA7007D072B /* utils */,
				90999DD72C12000E00644AFC /* bluetooth.entitlements */,
				90DE94A82C104AB4007D2C0D /* Info.plist */,
				901F59272C05CF3600CCD859 /* BluetoothApp.swift */,
				901F592B2C05CF3600CCD859 /* Assets.xcassets */,
				901F592D2C05CF3600CCD859 /* Preview Content */,
			);
			path = bluetooth;
			sourceTree = "<group>";
		};
		901F592D2C05CF3600CCD859 /* Preview Content */ = {
			isa = PBXGroup;
			children = (
				901F592E2C05CF3600CCD859 /* Preview Assets.xcassets */,
			);
			path = "Preview Content";
			sourceTree = "<group>";
		};
		90DE94A52C104A08007D2C0D /* Frameworks */ = {
			isa = PBXGroup;
			children = (
			);
			name = Frameworks;
			sourceTree = "<group>";
		};
/* End PBXGroup section */

/* Begin PBXNativeTarget section */
		901F59232C05CF3600CCD859 /* bluetooth */ = {
			isa = PBXNativeTarget;
			buildConfigurationList = 901F59322C05CF3600CCD859 /* Build configuration list for PBXNativeTarget "bluetooth" */;
			buildPhases = (
				901F59202C05CF3600CCD859 /* Sources */,
				901F59212C05CF3600CCD859 /* Frameworks */,
				901F59222C05CF3600CCD859 /* Resources */,
				9044E6A02C12A3D200AAFD68 /* Embed Frameworks */,
			);
			buildRules = (
			);
			dependencies = (
			);
			name = bluetooth;
			productName = bluetooth;
			productReference = 901F59242C05CF3600CCD859 /* bluetooth.app */;
			productType = "com.apple.product-type.application";
		};
/* End PBXNativeTarget section */

/* Begin PBXProject section */
		901F591C2C05CF3600CCD859 /* Project object */ = {
			isa = PBXProject;
			attributes = {
				BuildIndependentTargetsInParallel = 1;
				LastSwiftUpdateCheck = 1510;
				LastUpgradeCheck = 1510;
				TargetAttributes = {
					901F59232C05CF3600CCD859 = {
						CreatedOnToolsVersion = 15.1;
					};
				};
			};
			buildConfigurationList = 901F591F2C05CF3600CCD859 /* Build configuration list for PBXProject "bluetooth" */;
			compatibilityVersion = "Xcode 14.0";
			developmentRegion = en;
			hasScannedForEncodings = 0;
			knownRegions = (
				en,
				Base,
			);
			mainGroup = 901F591B2C05CF3600CCD859;
			productRefGroup = 901F59252C05CF3600CCD859 /* Products */;
			projectDirPath = "";
			projectRoot = "";
			targets = (
				901F59232C05CF3600CCD859 /* bluetooth */,
			);
		};
/* End PBXProject section */

/* Begin PBXResourcesBuildPhase section */
		901F59222C05CF3600CCD859 /* Resources */ = {
			isa = PBXResourcesBuildPhase;
			buildActionMask = 2147483647;
			files = (
				901F592F2C05CF3600CCD859 /* Preview Assets.xcassets in Resources */,
				901F592C2C05CF3600CCD859 /* Assets.xcassets in Resources */,
			);
			runOnlyForDeploymentPostprocessing = 0;
		};
/* End PBXResourcesBuildPhase section */

/* Begin PBXSourcesBuildPhase section */
		901F59202C05CF3600CCD859 /* Sources */ = {
			isa = PBXSourcesBuildPhase;
			buildActionMask = 2147483647;
			files = (
				90492FCC2C143D2C00DB074C /* FavoritesView.swift in Sources */,
				90BF1DB62C1897BA0097BA82 /* ColorGridView.swift in Sources */,
				9001BBEF2C1DBCF200E2CBD1 /* AESCipher.swift in Sources */,
				9068F9B52C1ACA0800646F00 /* DatabaseManager.swift in Sources */,
				9001BBF32C1DC30600E2CBD1 /* DataHandler.swift in Sources */,
				90011F302C19DDCE007D072B /* DeviceView.swift in Sources */,
				9001BBF12C1DBDCB00E2CBD1 /* PointerDecoder.swift in Sources */,
				90BF1DB42C1896D00097BA82 /* ColorSlidersView.swift in Sources */,
				9061DAD82C1B2AF80032F735 /* WriteDataUtil.swift in Sources */,
				901F592A2C05CF3600CCD859 /* ContentView.swift in Sources */,
				9075576D2C193F0400533D3C /* LightDataService.swift in Sources */,
				90999DD62C11FA6800644AFC /* BLEManager.swift in Sources */,
				90492FD02C14409700DB074C /* ColorUtil.swift in Sources */,
				9036BA7E2C197CE8007230E8 /* DeviceGroupView.swift in Sources */,
				90492FCE2C143ED800DB074C /* ColorSelecterView.swift in Sources */,
				901F59282C05CF3600CCD859 /* BluetoothApp.swift in Sources */,
			);
			runOnlyForDeploymentPostprocessing = 0;
		};
/* End PBXSourcesBuildPhase section */

/* Begin XCBuildConfiguration section */
		901F59302C05CF3600CCD859 /* Debug */ = {
			isa = XCBuildConfiguration;
			buildSettings = {
				ALWAYS_SEARCH_USER_PATHS = NO;
				ASSETCATALOG_COMPILER_GENERATE_SWIFT_ASSET_SYMBOL_EXTENSIONS = YES;
				CLANG_ANALYZER_NONNULL = YES;
				CLANG_ANALYZER_NUMBER_OBJECT_CONVERSION = YES_AGGRESSIVE;
				CLANG_CXX_LANGUAGE_STANDARD = "gnu++20";
				CLANG_ENABLE_MODULES = YES;
				CLANG_ENABLE_OBJC_ARC = YES;
				CLANG_ENABLE_OBJC_WEAK = YES;
				CLANG_WARN_BLOCK_CAPTURE_AUTORELEASING = YES;
				CLANG_WARN_BOOL_CONVERSION = YES;
				CLANG_WARN_COMMA = YES;
				CLANG_WARN_CONSTANT_CONVERSION = YES;
				CLANG_WARN_DEPRECATED_OBJC_IMPLEMENTATIONS = YES;
				CLANG_WARN_DIRECT_OBJC_ISA_USAGE = YES_ERROR;
				CLANG_WARN_DOCUMENTATION_COMMENTS = YES;
				CLANG_WARN_EMPTY_BODY = YES;
				CLANG_WARN_ENUM_CONVERSION = YES;
				CLANG_WARN_INFINITE_RECURSION = YES;
				CLANG_WARN_INT_CONVERSION = YES;
				CLANG_WARN_NON_LITERAL_NULL_CONVERSION = YES;
				CLANG_WARN_OBJC_IMPLICIT_RETAIN_SELF = YES;
				CLANG_WARN_OBJC_LITERAL_CONVERSION = YES;
				CLANG_WARN_OBJC_ROOT_CLASS = YES_ERROR;
				CLANG_WARN_QUOTED_INCLUDE_IN_FRAMEWORK_HEADER = YES;
				CLANG_WARN_RANGE_LOOP_ANALYSIS = YES;
				CLANG_WARN_STRICT_PROTOTYPES = YES;
				CLANG_WARN_SUSPICIOUS_MOVE = YES;
				CLANG_WARN_UNGUARDED_AVAILABILITY = YES_AGGRESSIVE;
				CLANG_WARN_UNREACHABLE_CODE = YES;
				CLANG_WARN__DUPLICATE_METHOD_MATCH = YES;
				COPY_PHASE_STRIP = NO;
				DEBUG_INFORMATION_FORMAT = dwarf;
				ENABLE_STRICT_OBJC_MSGSEND = YES;
				ENABLE_TESTABILITY = YES;
				ENABLE_USER_SCRIPT_SANDBOXING = YES;
				GCC_C_LANGUAGE_STANDARD = gnu17;
				GCC_DYNAMIC_NO_PIC = NO;
				GCC_NO_COMMON_BLOCKS = YES;
				GCC_OPTIMIZATION_LEVEL = 0;
				GCC_PREPROCESSOR_DEFINITIONS = (
					"DEBUG=1",
					"$(inherited)",
				);
				GCC_WARN_64_TO_32_BIT_CONVERSION = YES;
				GCC_WARN_ABOUT_RETURN_TYPE = YES_ERROR;
				GCC_WARN_UNDECLARED_SELECTOR = YES;
				GCC_WARN_UNINITIALIZED_AUTOS = YES_AGGRESSIVE;
				GCC_WARN_UNUSED_FUNCTION = YES;
				GCC_WARN_UNUSED_VARIABLE = YES;
				IPHONEOS_DEPLOYMENT_TARGET = 16.0;
				LOCALIZATION_PREFERS_STRING_CATALOGS = YES;
				MACOSX_DEPLOYMENT_TARGET = 13.0;
				MTL_ENABLE_DEBUG_INFO = INCLUDE_SOURCE;
				MTL_FAST_MATH = YES;
				ONLY_ACTIVE_ARCH = YES;
				SDKROOT = iphoneos;
				SWIFT_ACTIVE_COMPILATION_CONDITIONS = "DEBUG $(inherited)";
				SWIFT_OPTIMIZATION_LEVEL = "-Onone";
			};
			name = Debug;
		};
		901F59312C05CF3600CCD859 /* Release */ = {
			isa = XCBuildConfiguration;
			buildSettings = {
				ALWAYS_SEARCH_USER_PATHS = NO;
				ASSETCATALOG_COMPILER_GENERATE_SWIFT_ASSET_SYMBOL_EXTENSIONS = YES;
				CLANG_ANALYZER_NONNULL = YES;
				CLANG_ANALYZER_NUMBER_OBJECT_CONVERSION = YES_AGGRESSIVE;
				CLANG_CXX_LANGUAGE_STANDARD = "gnu++20";
				CLANG_ENABLE_MODULES = YES;
				CLANG_ENABLE_OBJC_ARC = YES;
				CLANG_ENABLE_OBJC_WEAK = YES;
				CLANG_WARN_BLOCK_CAPTURE_AUTORELEASING = YES;
				CLANG_WARN_BOOL_CONVERSION = YES;
				CLANG_WARN_COMMA = YES;
				CLANG_WARN_CONSTANT_CONVERSION = YES;
				CLANG_WARN_DEPRECATED_OBJC_IMPLEMENTATIONS = YES;
				CLANG_WARN_DIRECT_OBJC_ISA_USAGE = YES_ERROR;
				CLANG_WARN_DOCUMENTATION_COMMENTS = YES;
				CLANG_WARN_EMPTY_BODY = YES;
				CLANG_WARN_ENUM_CONVERSION = YES;
				CLANG_WARN_INFINITE_RECURSION = YES;
				CLANG_WARN_INT_CONVERSION = YES;
				CLANG_WARN_NON_LITERAL_NULL_CONVERSION = YES;
				CLANG_WARN_OBJC_IMPLICIT_RETAIN_SELF = YES;
				CLANG_WARN_OBJC_LITERAL_CONVERSION = YES;
				CLANG_WARN_OBJC_ROOT_CLASS = YES_ERROR;
				CLANG_WARN_QUOTED_INCLUDE_IN_FRAMEWORK_HEADER = YES;
				CLANG_WARN_RANGE_LOOP_ANALYSIS = YES;
				CLANG_WARN_STRICT_PROTOTYPES = YES;
				CLANG_WARN_SUSPICIOUS_MOVE = YES;
				CLANG_WARN_UNGUARDED_AVAILABILITY = YES_AGGRESSIVE;
				CLANG_WARN_UNREACHABLE_CODE = YES;
				CLANG_WARN__DUPLICATE_METHOD_MATCH = YES;
				COPY_PHASE_STRIP = NO;
				DEBUG_INFORMATION_FORMAT = "dwarf-with-dsym";
				ENABLE_NS_ASSERTIONS = NO;
				ENABLE_STRICT_OBJC_MSGSEND = YES;
				ENABLE_USER_SCRIPT_SANDBOXING = YES;
				GCC_C_LANGUAGE_STANDARD = gnu17;
				GCC_NO_COMMON_BLOCKS = YES;
				GCC_WARN_64_TO_32_BIT_CONVERSION = YES;
				GCC_WARN_ABOUT_RETURN_TYPE = YES_ERROR;
				GCC_WARN_UNDECLARED_SELECTOR = YES;
				GCC_WARN_UNINITIALIZED_AUTOS = YES_AGGRESSIVE;
				GCC_WARN_UNUSED_FUNCTION = YES;
				GCC_WARN_UNUSED_VARIABLE = YES;
				IPHONEOS_DEPLOYMENT_TARGET = 16.0;
				LOCALIZATION_PREFERS_STRING_CATALOGS = YES;
				MACOSX_DEPLOYMENT_TARGET = 13.0;
				MTL_ENABLE_DEBUG_INFO = NO;
				MTL_FAST_MATH = YES;
				SDKROOT = iphoneos;
				SWIFT_COMPILATION_MODE = wholemodule;
				VALIDATE_PRODUCT = YES;
			};
			name = Release;
		};
		901F59332C05CF3600CCD859 /* Debug */ = {
			isa = XCBuildConfiguration;
			buildSettings = {
				ASSETCATALOG_COMPILER_APPICON_NAME = AppIcon;
				ASSETCATALOG_COMPILER_GLOBAL_ACCENT_COLOR_NAME = AccentColor;
				CODE_SIGN_ENTITLEMENTS = bluetooth/bluetooth.entitlements;
				CODE_SIGN_STYLE = Automatic;
				CURRENT_PROJECT_VERSION = 1;
				DEVELOPMENT_ASSET_PATHS = "\"bluetooth/Preview Content\"";
				DEVELOPMENT_TEAM = FJMWT862TG;
				ENABLE_PREVIEWS = YES;
				GENERATE_INFOPLIST_FILE = YES;
				INFOPLIST_FILE = bluetooth/Info.plist;
				INFOPLIST_KEY_CFBundleDisplayName = "荧光棒";
				"INFOPLIST_KEY_CFBundleDisplayName[sdk=iphoneos*]" = "荧光棒";
				"INFOPLIST_KEY_CFBundleDisplayName[sdk=macosx*]" = "荧光棒";
				INFOPLIST_KEY_LSApplicationCategoryType = "public.app-category.entertainment";
				INFOPLIST_KEY_NSBluetoothAlwaysUsageDescription = "需要使用蓝牙进行数据传输";
				INFOPLIST_KEY_NSBluetoothPeripheralUsageDescription = "需要使用蓝牙进行数据传输";
				INFOPLIST_KEY_UIApplicationSceneManifest_Generation = YES;
				INFOPLIST_KEY_UIApplicationSupportsIndirectInputEvents = YES;
				INFOPLIST_KEY_UILaunchScreen_Generation = YES;
				INFOPLIST_KEY_UISupportedInterfaceOrientations_iPad = "UIInterfaceOrientationPortrait UIInterfaceOrientationPortraitUpsideDown UIInterfaceOrientationLandscapeLeft UIInterfaceOrientationLandscapeRight";
				INFOPLIST_KEY_UISupportedInterfaceOrientations_iPhone = "UIInterfaceOrientationPortrait UIInterfaceOrientationLandscapeLeft UIInterfaceOrientationLandscapeRight";
				IPHONEOS_DEPLOYMENT_TARGET = 15.0;
				LD_RUNPATH_SEARCH_PATHS = (
					"$(inherited)",
					"@executable_path/Frameworks",
				);
				MACOSX_DEPLOYMENT_TARGET = 13.0;
				MARKETING_VERSION = 1.0;
				PRODUCT_BUNDLE_IDENTIFIER = com.ray.bluetooth;
				PRODUCT_NAME = "$(TARGET_NAME)";
				SUPPORTED_PLATFORMS = "iphoneos iphonesimulator macosx";
				SUPPORTS_MACCATALYST = NO;
				SUPPORTS_MAC_DESIGNED_FOR_IPHONE_IPAD = NO;
				SWIFT_EMIT_LOC_STRINGS = YES;
				SWIFT_VERSION = 5.0;
				TARGETED_DEVICE_FAMILY = 1;
			};
			name = Debug;
		};
		901F59342C05CF3600CCD859 /* Release */ = {
			isa = XCBuildConfiguration;
			buildSettings = {
				ASSETCATALOG_COMPILER_APPICON_NAME = AppIcon;
				ASSETCATALOG_COMPILER_GLOBAL_ACCENT_COLOR_NAME = AccentColor;
				CODE_SIGN_ENTITLEMENTS = bluetooth/bluetooth.entitlements;
				CODE_SIGN_STYLE = Automatic;
				CURRENT_PROJECT_VERSION = 1;
				DEVELOPMENT_ASSET_PATHS = "\"bluetooth/Preview Content\"";
				DEVELOPMENT_TEAM = FJMWT862TG;
				ENABLE_PREVIEWS = YES;
				GENERATE_INFOPLIST_FILE = YES;
				INFOPLIST_FILE = bluetooth/Info.plist;
				INFOPLIST_KEY_CFBundleDisplayName = "荧光棒";
				"INFOPLIST_KEY_CFBundleDisplayName[sdk=iphoneos*]" = "荧光棒";
				"INFOPLIST_KEY_CFBundleDisplayName[sdk=macosx*]" = "荧光棒";
				INFOPLIST_KEY_LSApplicationCategoryType = "public.app-category.entertainment";
				INFOPLIST_KEY_NSBluetoothAlwaysUsageDescription = "需要使用蓝牙进行数据传输";
				INFOPLIST_KEY_NSBluetoothPeripheralUsageDescription = "需要使用蓝牙进行数据传输";
				INFOPLIST_KEY_UIApplicationSceneManifest_Generation = YES;
				INFOPLIST_KEY_UIApplicationSupportsIndirectInputEvents = YES;
				INFOPLIST_KEY_UILaunchScreen_Generation = YES;
				INFOPLIST_KEY_UISupportedInterfaceOrientations_iPad = "UIInterfaceOrientationPortrait UIInterfaceOrientationPortraitUpsideDown UIInterfaceOrientationLandscapeLeft UIInterfaceOrientationLandscapeRight";
				INFOPLIST_KEY_UISupportedInterfaceOrientations_iPhone = "UIInterfaceOrientationPortrait UIInterfaceOrientationLandscapeLeft UIInterfaceOrientationLandscapeRight";
				IPHONEOS_DEPLOYMENT_TARGET = 15.0;
				LD_RUNPATH_SEARCH_PATHS = (
					"$(inherited)",
					"@executable_path/Frameworks",
				);
				MACOSX_DEPLOYMENT_TARGET = 13.0;
				MARKETING_VERSION = 1.0;
				PRODUCT_BUNDLE_IDENTIFIER = com.ray.bluetooth;
				PRODUCT_NAME = "$(TARGET_NAME)";
				SUPPORTED_PLATFORMS = "iphoneos iphonesimulator macosx";
				SUPPORTS_MACCATALYST = NO;
				SUPPORTS_MAC_DESIGNED_FOR_IPHONE_IPAD = NO;
				SWIFT_EMIT_LOC_STRINGS = YES;
				SWIFT_VERSION = 5.0;
				TARGETED_DEVICE_FAMILY = 1;
			};
			name = Release;
		};
/* End XCBuildConfiguration section */

/* Begin XCConfigurationList section */
		901F591F2C05CF3600CCD859 /* Build configuration list for PBXProject "bluetooth" */ = {
			isa = XCConfigurationList;
			buildConfigurations = (
				901F59302C05CF3600CCD859 /* Debug */,
				901F59312C05CF3600CCD859 /* Release */,
			);
			defaultConfigurationIsVisible = 0;
			defaultConfigurationName = Release;
		};
		901F59322C05CF3600CCD859 /* Build configuration list for PBXNativeTarget "bluetooth" */ = {
			isa = XCConfigurationList;
			buildConfigurations = (
				901F59332C05CF3600CCD859 /* Debug */,
				901F59342C05CF3600CCD859 /* Release */,
			);
			defaultConfigurationIsVisible = 0;
			defaultConfigurationName = Release;
		};
/* End XCConfigurationList section */
	};
	rootObject = 901F591C2C05CF3600CCD859 /* Project object */;
}
